PODS:
  - RxCocoa (2.6.0):
    - RxSwift (~> 2.5)
  - RxDataSources (0.9):
    - RxCocoa (~> 2.2)
    - RxSwift (~> 2.2)
  - RxSwift (2.6.0)
  - ViewSizeCalculator (0.1.0)

DEPENDENCIES:
  - RxCocoa
  - RxDataSources
  - RxSwift
  - ViewSizeCalculator (from `../`)

EXTERNAL SOURCES:
  ViewSizeCalculator:
    :path: "../"

SPEC CHECKSUMS:
  RxCocoa: 89ab00d5753502520227940e3a0e0a0413683c6b
  RxDataSources: e169bba94a7be584df7c1e1487fa56edc8753ae6
  RxSwift: 77f3a0b15324baa7a1c9bfa9f199648a82424e26
  ViewSizeCalculator: 9986a89bc4edecc795f7a2acdc61c3e683baf8c1

PODFILE CHECKSUM: ef5c47fdd73062998cf3fb5684ca87e1f8f37668

COCOAPODS: 1.0.1
